// !$*UTF8*$!
{
	archiveVersion = 1;
	classes = {
	};
	objectVersion = 51;
	objects = {

/* Begin PBXBuildFile section */
		0F0CCAF6265E616100B9110B /* DotaServiceProtocol.swift in Sources */ = {isa = PBXBuildFile; fileRef = 0F0CCAF5265E616100B9110B /* DotaServiceProtocol.swift */; };
		0F0CCAFB265E619B00B9110B /* Hero.swift in Sources */ = {isa = PBXBuildFile; fileRef = 0F0CCAFA265E619B00B9110B /* Hero.swift */; };
		0F0CCAFE265E65D400B9110B /* DotaService.swift in Sources */ = {isa = PBXBuildFile; fileRef = 0F0CCAFD265E65D400B9110B /* DotaService.swift */; };
		0F0CCB02265F954B00B9110B /* BaseService.swift in Sources */ = {isa = PBXBuildFile; fileRef = 0F0CCB01265F954B00B9110B /* BaseService.swift */; };
		0F0CCB0A265FA1C400B9110B /* CustomCollectionViewCell.swift in Sources */ = {isa = PBXBuildFile; fileRef = 0F0CCB09265FA1C400B9110B /* CustomCollectionViewCell.swift */; };
		0F0CCB10265FBC7D00B9110B /* Trajan Pro.ttf in Resources */ = {isa = PBXBuildFile; fileRef = 0F0CCB0F265FBC7C00B9110B /* Trajan Pro.ttf */; };
		0F5BC66B265D2B59008B7E70 /* CustomTableViewCell.swift in Sources */ = {isa = PBXBuildFile; fileRef = 0F5BC66A265D2B59008B7E70 /* CustomTableViewCell.swift */; };
		0F5BC678265E5BBB008B7E70 /* MainViewController.swift in Sources */ = {isa = PBXBuildFile; fileRef = 0F5BC677265E5BBB008B7E70 /* MainViewController.swift */; };
		0FDF34B1265D0A5900FA6271 /* AppDelegate.swift in Sources */ = {isa = PBXBuildFile; fileRef = 0FDF34B0265D0A5900FA6271 /* AppDelegate.swift */; };
		0FDF34B5265D0A5900FA6271 /* ViewController.swift in Sources */ = {isa = PBXBuildFile; fileRef = 0FDF34B4265D0A5900FA6271 /* ViewController.swift */; };
		0FDF34BA265D0A5B00FA6271 /* Assets.xcassets in Resources */ = {isa = PBXBuildFile; fileRef = 0FDF34B9265D0A5B00FA6271 /* Assets.xcassets */; };
		0FDF34BD265D0A5B00FA6271 /* LaunchScreen.storyboard in Resources */ = {isa = PBXBuildFile; fileRef = 0FDF34BB265D0A5B00FA6271 /* LaunchScreen.storyboard */; };
		E35D59DFEBEDDF6552846B69 /* Pods_Dotabase.framework in Frameworks */ = {isa = PBXBuildFile; fileRef = B324C8BE31F3FC0D1FDEDE12 /* Pods_Dotabase.framework */; };
/* End PBXBuildFile section */

/* Begin PBXFileReference section */
		0F0CCAF5265E616100B9110B /* DotaServiceProtocol.swift */ = {isa = PBXFileReference; lastKnownFileType = sourcecode.swift; path = DotaServiceProtocol.swift; sourceTree = "<group>"; };
		0F0CCAFA265E619B00B9110B /* Hero.swift */ = {isa = PBXFileReference; lastKnownFileType = sourcecode.swift; path = Hero.swift; sourceTree = "<group>"; };
		0F0CCAFD265E65D400B9110B /* DotaService.swift */ = {isa = PBXFileReference; lastKnownFileType = sourcecode.swift; path = DotaService.swift; sourceTree = "<group>"; };
		0F0CCB01265F954B00B9110B /* BaseService.swift */ = {isa = PBXFileReference; lastKnownFileType = sourcecode.swift; path = BaseService.swift; sourceTree = "<group>"; };
		0F0CCB09265FA1C400B9110B /* CustomCollectionViewCell.swift */ = {isa = PBXFileReference; lastKnownFileType = sourcecode.swift; path = CustomCollectionViewCell.swift; sourceTree = "<group>"; };
		0F0CCB0F265FBC7C00B9110B /* Trajan Pro.ttf */ = {isa = PBXFileReference; lastKnownFileType = file; path = "Trajan Pro.ttf"; sourceTree = "<group>"; };
		0F5BC66A265D2B59008B7E70 /* CustomTableViewCell.swift */ = {isa = PBXFileReference; lastKnownFileType = sourcecode.swift; path = CustomTableViewCell.swift; sourceTree = "<group>"; };
		0F5BC677265E5BBB008B7E70 /* MainViewController.swift */ = {isa = PBXFileReference; lastKnownFileType = sourcecode.swift; path = MainViewController.swift; sourceTree = "<group>"; };
		0FDF34AD265D0A5900FA6271 /* Dotabase.app */ = {isa = PBXFileReference; explicitFileType = wrapper.application; includeInIndex = 0; path = Dotabase.app; sourceTree = BUILT_PRODUCTS_DIR; };
		0FDF34B0265D0A5900FA6271 /* AppDelegate.swift */ = {isa = PBXFileReference; lastKnownFileType = sourcecode.swift; path = AppDelegate.swift; sourceTree = "<group>"; };
		0FDF34B4265D0A5900FA6271 /* ViewController.swift */ = {isa = PBXFileReference; lastKnownFileType = sourcecode.swift; path = ViewController.swift; sourceTree = "<group>"; };
		0FDF34B9265D0A5B00FA6271 /* Assets.xcassets */ = {isa = PBXFileReference; lastKnownFileType = folder.assetcatalog; path = Assets.xcassets; sourceTree = "<group>"; };
		0FDF34BC265D0A5B00FA6271 /* Base */ = {isa = PBXFileReference; lastKnownFileType = file.storyboard; name = Base; path = Base.lproj/LaunchScreen.storyboard; sourceTree = "<group>"; };
		0FDF34BE265D0A5B00FA6271 /* Info.plist */ = {isa = PBXFileReference; lastKnownFileType = text.plist.xml; path = Info.plist; sourceTree = "<group>"; };
		AE05DA2CC7C465DA8231DFA4 /* Pods-Dotabase.debug.xcconfig */ = {isa = PBXFileReference; includeInIndex = 1; lastKnownFileType = text.xcconfig; name = "Pods-Dotabase.debug.xcconfig"; path = "Target Support Files/Pods-Dotabase/Pods-Dotabase.debug.xcconfig"; sourceTree = "<group>"; };
		B324C8BE31F3FC0D1FDEDE12 /* Pods_Dotabase.framework */ = {isa = PBXFileReference; explicitFileType = wrapper.framework; includeInIndex = 0; path = Pods_Dotabase.framework; sourceTree = BUILT_PRODUCTS_DIR; };
		FE75C48A0ACCAEB85053EEEA /* Pods-Dotabase.release.xcconfig */ = {isa = PBXFileReference; includeInIndex = 1; lastKnownFileType = text.xcconfig; name = "Pods-Dotabase.release.xcconfig"; path = "Target Support Files/Pods-Dotabase/Pods-Dotabase.release.xcconfig"; sourceTree = "<group>"; };
/* End PBXFileReference section */

/* Begin PBXFrameworksBuildPhase section */
		0FDF34AA265D0A5900FA6271 /* Frameworks */ = {
			isa = PBXFrameworksBuildPhase;
			buildActionMask = 2147483647;
			files = (
				E35D59DFEBEDDF6552846B69 /* Pods_Dotabase.framework in Frameworks */,
			);
			runOnlyForDeploymentPostprocessing = 0;
		};
/* End PBXFrameworksBuildPhase section */

/* Begin PBXGroup section */
		0F0CCAF2265E612300B9110B /* Networking */ = {
			isa = PBXGroup;
			children = (
				0F0CCAF3265E613700B9110B /* Services */,
			);
			path = Networking;
			sourceTree = "<group>";
		};
		0F0CCAF3265E613700B9110B /* Services */ = {
			isa = PBXGroup;
			children = (
				0F0CCB00265F954200B9110B /* BaseService */,
				0F0CCAF4265E614000B9110B /* DotaService */,
			);
			path = Services;
			sourceTree = "<group>";
		};
		0F0CCAF4265E614000B9110B /* DotaService */ = {
			isa = PBXGroup;
			children = (
				0F0CCAF5265E616100B9110B /* DotaServiceProtocol.swift */,
				0F0CCAFD265E65D400B9110B /* DotaService.swift */,
			);
			path = DotaService;
			sourceTree = "<group>";
		};
		0F0CCAF9265E618A00B9110B /* Entities */ = {
			isa = PBXGroup;
			children = (
				0F0CCAFA265E619B00B9110B /* Hero.swift */,
			);
			path = Entities;
			sourceTree = "<group>";
		};
		0F0CCB00265F954200B9110B /* BaseService */ = {
			isa = PBXGroup;
			children = (
				0F0CCB01265F954B00B9110B /* BaseService.swift */,
			);
			path = BaseService;
			sourceTree = "<group>";
		};
		0F0CCB0D265FBC5B00B9110B /* Resources */ = {
			isa = PBXGroup;
			children = (
				0F0CCB0E265FBC5F00B9110B /* Fonts */,
			);
			path = Resources;
			sourceTree = "<group>";
		};
		0F0CCB0E265FBC5F00B9110B /* Fonts */ = {
			isa = PBXGroup;
			children = (
				0F0CCB0F265FBC7C00B9110B /* Trajan Pro.ttf */,
			);
			path = Fonts;
			sourceTree = "<group>";
		};
		0F5BC671265E5960008B7E70 /* Modules */ = {
			isa = PBXGroup;
			children = (
				0F5BC673265E59C2008B7E70 /* Main */,
			);
			path = Modules;
			sourceTree = "<group>";
		};
		0F5BC673265E59C2008B7E70 /* Main */ = {
			isa = PBXGroup;
			children = (
				0F5BC675265E59CF008B7E70 /* View */,
				0F5BC674265E59CD008B7E70 /* Controller */,
			);
			path = Main;
			sourceTree = "<group>";
		};
		0F5BC674265E59CD008B7E70 /* Controller */ = {
			isa = PBXGroup;
			children = (
				0F5BC677265E5BBB008B7E70 /* MainViewController.swift */,
				0FDF34B4265D0A5900FA6271 /* ViewController.swift */,
			);
			path = Controller;
			sourceTree = "<group>";
		};
		0F5BC675265E59CF008B7E70 /* View */ = {
			isa = PBXGroup;
			children = (
				0F5BC66A265D2B59008B7E70 /* CustomTableViewCell.swift */,
				0F0CCB09265FA1C400B9110B /* CustomCollectionViewCell.swift */,
			);
			path = View;
			sourceTree = "<group>";
		};
		0F5BC676265E5A01008B7E70 /* Application */ = {
			isa = PBXGroup;
			children = (
				0FDF34B0265D0A5900FA6271 /* AppDelegate.swift */,
			);
			path = Application;
			sourceTree = "<group>";
		};
		0FDF34A4265D0A5900FA6271 = {
			isa = PBXGroup;
			children = (
				0FDF34AF265D0A5900FA6271 /* Dotabase */,
				0FDF34AE265D0A5900FA6271 /* Products */,
				1A4C9450AE0152FE09C33330 /* Pods */,
				67D29486EFBA50E74C97DBFE /* Frameworks */,
			);
			sourceTree = "<group>";
		};
		0FDF34AE265D0A5900FA6271 /* Products */ = {
			isa = PBXGroup;
			children = (
				0FDF34AD265D0A5900FA6271 /* Dotabase.app */,
			);
			name = Products;
			sourceTree = "<group>";
		};
		0FDF34AF265D0A5900FA6271 /* Dotabase */ = {
			isa = PBXGroup;
			children = (
				0F5BC676265E5A01008B7E70 /* Application */,
				0F0CCAF2265E612300B9110B /* Networking */,
				0F5BC671265E5960008B7E70 /* Modules */,
				0F0CCAF9265E618A00B9110B /* Entities */,
				0F0CCB0D265FBC5B00B9110B /* Resources */,
				0FDF34B9265D0A5B00FA6271 /* Assets.xcassets */,
				0FDF34BB265D0A5B00FA6271 /* LaunchScreen.storyboard */,
				0FDF34BE265D0A5B00FA6271 /* Info.plist */,
			);
			path = Dotabase;
			sourceTree = "<group>";
		};
		1A4C9450AE0152FE09C33330 /* Pods */ = {
			isa = PBXGroup;
			children = (
				AE05DA2CC7C465DA8231DFA4 /* Pods-Dotabase.debug.xcconfig */,
				FE75C48A0ACCAEB85053EEEA /* Pods-Dotabase.release.xcconfig */,
			);
			path = Pods;
			sourceTree = "<group>";
		};
		67D29486EFBA50E74C97DBFE /* Frameworks */ = {
			isa = PBXGroup;
			children = (
				B324C8BE31F3FC0D1FDEDE12 /* Pods_Dotabase.framework */,
			);
			name = Frameworks;
			sourceTree = "<group>";
		};
/* End PBXGroup section */

/* Begin PBXNativeTarget section */
		0FDF34AC265D0A5900FA6271 /* Dotabase */ = {
			isa = PBXNativeTarget;
			buildConfigurationList = 0FDF34C1265D0A5B00FA6271 /* Build configuration list for PBXNativeTarget "Dotabase" */;
			buildPhases = (
				3F07BB800651BCFE692073E2 /* [CP] Check Pods Manifest.lock */,
				0FDF34A9265D0A5900FA6271 /* Sources */,
				0FDF34AA265D0A5900FA6271 /* Frameworks */,
				0FDF34AB265D0A5900FA6271 /* Resources */,
				92A1A3764B8AA0C363E46509 /* [CP] Embed Pods Frameworks */,
			);
			buildRules = (
			);
			dependencies = (
			);
			name = Dotabase;
			productName = Dotabase;
			productReference = 0FDF34AD265D0A5900FA6271 /* Dotabase.app */;
			productType = "com.apple.product-type.application";
		};
/* End PBXNativeTarget section */

/* Begin PBXProject section */
		0FDF34A5265D0A5900FA6271 /* Project object */ = {
			isa = PBXProject;
			attributes = {
				LastSwiftUpdateCheck = 1240;
				LastUpgradeCheck = 1240;
				TargetAttributes = {
					0FDF34AC265D0A5900FA6271 = {
						CreatedOnToolsVersion = 12.4;
					};
				};
			};
			buildConfigurationList = 0FDF34A8265D0A5900FA6271 /* Build configuration list for PBXProject "Dotabase" */;
			compatibilityVersion = "Xcode 9.3";
			developmentRegion = en;
			hasScannedForEncodings = 0;
			knownRegions = (
				en,
				Base,
			);
			mainGroup = 0FDF34A4265D0A5900FA6271;
			productRefGroup = 0FDF34AE265D0A5900FA6271 /* Products */;
			projectDirPath = "";
			projectRoot = "";
			targets = (
				0FDF34AC265D0A5900FA6271 /* Dotabase */,
			);
		};
/* End PBXProject section */

/* Begin PBXResourcesBuildPhase section */
		0FDF34AB265D0A5900FA6271 /* Resources */ = {
			isa = PBXResourcesBuildPhase;
			buildActionMask = 2147483647;
			files = (
				0F0CCB10265FBC7D00B9110B /* Trajan Pro.ttf in Resources */,
				0FDF34BD265D0A5B00FA6271 /* LaunchScreen.storyboard in Resources */,
				0FDF34BA265D0A5B00FA6271 /* Assets.xcassets in Resources */,
			);
			runOnlyForDeploymentPostprocessing = 0;
		};
/* End PBXResourcesBuildPhase section */

/* Begin PBXShellScriptBuildPhase section */
		3F07BB800651BCFE692073E2 /* [CP] Check Pods Manifest.lock */ = {
			isa = PBXShellScriptBuildPhase;
			buildActionMask = 2147483647;
			files = (
			);
			inputFileListPaths = (
			);
			inputPaths = (
				"${PODS_PODFILE_DIR_PATH}/Podfile.lock",
				"${PODS_ROOT}/Manifest.lock",
			);
			name = "[CP] Check Pods Manifest.lock";
			outputFileListPaths = (
			);
			outputPaths = (
				"$(DERIVED_FILE_DIR)/Pods-Dotabase-checkManifestLockResult.txt",
			);
			runOnlyForDeploymentPostprocessing = 0;
			shellPath = /bin/sh;
			shellScript = "diff \"${PODS_PODFILE_DIR_PATH}/Podfile.lock\" \"${PODS_ROOT}/Manifest.lock\" > /dev/null\nif [ $? != 0 ] ; then\n    # print error to STDERR\n    echo \"error: The sandbox is not in sync with the Podfile.lock. Run 'pod install' or update your CocoaPods installation.\" >&2\n    exit 1\nfi\n# This output is used by Xcode 'outputs' to avoid re-running this script phase.\necho \"SUCCESS\" > \"${SCRIPT_OUTPUT_FILE_0}\"\n";
			showEnvVarsInLog = 0;
		};
		92A1A3764B8AA0C363E46509 /* [CP] Embed Pods Frameworks */ = {
			isa = PBXShellScriptBuildPhase;
			buildActionMask = 2147483647;
			files = (
			);
			inputFileListPaths = (
				"${PODS_ROOT}/Target Support Files/Pods-Dotabase/Pods-Dotabase-frameworks-${CONFIGURATION}-input-files.xcfilelist",
			);
			name = "[CP] Embed Pods Frameworks";
			outputFileListPaths = (
				"${PODS_ROOT}/Target Support Files/Pods-Dotabase/Pods-Dotabase-frameworks-${CONFIGURATION}-output-files.xcfilelist",
			);
			runOnlyForDeploymentPostprocessing = 0;
			shellPath = /bin/sh;
			shellScript = "\"${PODS_ROOT}/Target Support Files/Pods-Dotabase/Pods-Dotabase-frameworks.sh\"\n";
			showEnvVarsInLog = 0;
		};
/* End PBXShellScriptBuildPhase section */

/* Begin PBXSourcesBuildPhase section */
		0FDF34A9265D0A5900FA6271 /* Sources */ = {
			isa = PBXSourcesBuildPhase;
			buildActionMask = 2147483647;
			files = (
				0F0CCB02265F954B00B9110B /* BaseService.swift in Sources */,
				0F0CCB0A265FA1C400B9110B /* CustomCollectionViewCell.swift in Sources */,
				0F5BC66B265D2B59008B7E70 /* CustomTableViewCell.swift in Sources */,
				0F0CCAF6265E616100B9110B /* DotaServiceProtocol.swift in Sources */,
				0FDF34B5265D0A5900FA6271 /* ViewController.swift in Sources */,
				0FDF34B1265D0A5900FA6271 /* AppDelegate.swift in Sources */,
				0F5BC678265E5BBB008B7E70 /* MainViewController.swift in Sources */,
				0F0CCAFB265E619B00B9110B /* Hero.swift in Sources */,
				0F0CCAFE265E65D400B9110B /* DotaService.swift in Sources */,
			);
			runOnlyForDeploymentPostprocessing = 0;
		};
/* End PBXSourcesBuildPhase section */

/* Begin PBXVariantGroup section */
		0FDF34BB265D0A5B00FA6271 /* LaunchScreen.storyboard */ = {
			isa = PBXVariantGroup;
			children = (
				0FDF34BC265D0A5B00FA6271 /* Base */,
			);
			name = LaunchScreen.storyboard;
			sourceTree = "<group>";
		};
/* End PBXVariantGroup section */

/* Begin XCBuildConfiguration section */
		0FDF34BF265D0A5B00FA6271 /* Debug */ = {
			isa = XCBuildConfiguration;
			buildSettings = {
				ALWAYS_SEARCH_USER_PATHS = NO;
				CLANG_ANALYZER_NONNULL = YES;
				CLANG_ANALYZER_NUMBER_OBJECT_CONVERSION = YES_AGGRESSIVE;
				CLANG_CXX_LANGUAGE_STANDARD = "gnu++14";
				CLANG_CXX_LIBRARY = "libc++";
				CLANG_ENABLE_MODULES = YES;
				CLANG_ENABLE_OBJC_ARC = YES;
				CLANG_ENABLE_OBJC_WEAK = YES;
				CLANG_WARN_BLOCK_CAPTURE_AUTORELEASING = YES;
				CLANG_WARN_BOOL_CONVERSION = YES;
				CLANG_WARN_COMMA = YES;
				CLANG_WARN_CONSTANT_CONVERSION = YES;
				CLANG_WARN_DEPRECATED_OBJC_IMPLEMENTATIONS = YES;
				CLANG_WARN_DIRECT_OBJC_ISA_USAGE = YES_ERROR;
				CLANG_WARN_DOCUMENTATION_COMMENTS = YES;
				CLANG_WARN_EMPTY_BODY = YES;
				CLANG_WARN_ENUM_CONVERSION = YES;
				CLANG_WARN_INFINITE_RECURSION = YES;
				CLANG_WARN_INT_CONVERSION = YES;
				CLANG_WARN_NON_LITERAL_NULL_CONVERSION = YES;
				CLANG_WARN_OBJC_IMPLICIT_RETAIN_SELF = YES;
				CLANG_WARN_OBJC_LITERAL_CONVERSION = YES;
				CLANG_WARN_OBJC_ROOT_CLASS = YES_ERROR;
				CLANG_WARN_QUOTED_INCLUDE_IN_FRAMEWORK_HEADER = YES;
				CLANG_WARN_RANGE_LOOP_ANALYSIS = YES;
				CLANG_WARN_STRICT_PROTOTYPES = YES;
				CLANG_WARN_SUSPICIOUS_MOVE = YES;
				CLANG_WARN_UNGUARDED_AVAILABILITY = YES_AGGRESSIVE;
				CLANG_WARN_UNREACHABLE_CODE = YES;
				CLANG_WARN__DUPLICATE_METHOD_MATCH = YES;
				COPY_PHASE_STRIP = NO;
				DEBUG_INFORMATION_FORMAT = dwarf;
				ENABLE_STRICT_OBJC_MSGSEND = YES;
				ENABLE_TESTABILITY = YES;
				GCC_C_LANGUAGE_STANDARD = gnu11;
				GCC_DYNAMIC_NO_PIC = NO;
				GCC_NO_COMMON_BLOCKS = YES;
				GCC_OPTIMIZATION_LEVEL = 0;
				GCC_PREPROCESSOR_DEFINITIONS = (
					"DEBUG=1",
					"$(inherited)",
				);
				GCC_WARN_64_TO_32_BIT_CONVERSION = YES;
				GCC_WARN_ABOUT_RETURN_TYPE = YES_ERROR;
				GCC_WARN_UNDECLARED_SELECTOR = YES;
				GCC_WARN_UNINITIALIZED_AUTOS = YES_AGGRESSIVE;
				GCC_WARN_UNUSED_FUNCTION = YES;
				GCC_WARN_UNUSED_VARIABLE = YES;
				IPHONEOS_DEPLOYMENT_TARGET = 14.4;
				MTL_ENABLE_DEBUG_INFO = INCLUDE_SOURCE;
				MTL_FAST_MATH = YES;
				ONLY_ACTIVE_ARCH = YES;
				SDKROOT = iphoneos;
				SWIFT_ACTIVE_COMPILATION_CONDITIONS = DEBUG;
				SWIFT_OPTIMIZATION_LEVEL = "-Onone";
			};
			name = Debug;
		};
		0FDF34C0265D0A5B00FA6271 /* Release */ = {
			isa = XCBuildConfiguration;
			buildSettings = {
				ALWAYS_SEARCH_USER_PATHS = NO;
				CLANG_ANALYZER_NONNULL = YES;
				CLANG_ANALYZER_NUMBER_OBJECT_CONVERSION = YES_AGGRESSIVE;
				CLANG_CXX_LANGUAGE_STANDARD = "gnu++14";
				CLANG_CXX_LIBRARY = "libc++";
				CLANG_ENABLE_MODULES = YES;
				CLANG_ENABLE_OBJC_ARC = YES;
				CLANG_ENABLE_OBJC_WEAK = YES;
				CLANG_WARN_BLOCK_CAPTURE_AUTORELEASING = YES;
				CLANG_WARN_BOOL_CONVERSION = YES;
				CLANG_WARN_COMMA = YES;
				CLANG_WARN_CONSTANT_CONVERSION = YES;
				CLANG_WARN_DEPRECATED_OBJC_IMPLEMENTATIONS = YES;
				CLANG_WARN_DIRECT_OBJC_ISA_USAGE = YES_ERROR;
				CLANG_WARN_DOCUMENTATION_COMMENTS = YES;
				CLANG_WARN_EMPTY_BODY = YES;
				CLANG_WARN_ENUM_CONVERSION = YES;
				CLANG_WARN_INFINITE_RECURSION = YES;
				CLANG_WARN_INT_CONVERSION = YES;
				CLANG_WARN_NON_LITERAL_NULL_CONVERSION = YES;
				CLANG_WARN_OBJC_IMPLICIT_RETAIN_SELF = YES;
				CLANG_WARN_OBJC_LITERAL_CONVERSION = YES;
				CLANG_WARN_OBJC_ROOT_CLASS = YES_ERROR;
				CLANG_WARN_QUOTED_INCLUDE_IN_FRAMEWORK_HEADER = YES;
				CLANG_WARN_RANGE_LOOP_ANALYSIS = YES;
				CLANG_WARN_STRICT_PROTOTYPES = YES;
				CLANG_WARN_SUSPICIOUS_MOVE = YES;
				CLANG_WARN_UNGUARDED_AVAILABILITY = YES_AGGRESSIVE;
				CLANG_WARN_UNREACHABLE_CODE = YES;
				CLANG_WARN__DUPLICATE_METHOD_MATCH = YES;
				COPY_PHASE_STRIP = NO;
				DEBUG_INFORMATION_FORMAT = "dwarf-with-dsym";
				ENABLE_NS_ASSERTIONS = NO;
				ENABLE_STRICT_OBJC_MSGSEND = YES;
				GCC_C_LANGUAGE_STANDARD = gnu11;
				GCC_NO_COMMON_BLOCKS = YES;
				GCC_WARN_64_TO_32_BIT_CONVERSION = YES;
				GCC_WARN_ABOUT_RETURN_TYPE = YES_ERROR;
				GCC_WARN_UNDECLARED_SELECTOR = YES;
				GCC_WARN_UNINITIALIZED_AUTOS = YES_AGGRESSIVE;
				GCC_WARN_UNUSED_FUNCTION = YES;
				GCC_WARN_UNUSED_VARIABLE = YES;
				IPHONEOS_DEPLOYMENT_TARGET = 14.4;
				MTL_ENABLE_DEBUG_INFO = NO;
				MTL_FAST_MATH = YES;
				SDKROOT = iphoneos;
				SWIFT_COMPILATION_MODE = wholemodule;
				SWIFT_OPTIMIZATION_LEVEL = "-O";
				VALIDATE_PRODUCT = YES;
			};
			name = Release;
		};
		0FDF34C2265D0A5B00FA6271 /* Debug */ = {
			isa = XCBuildConfiguration;
			baseConfigurationReference = AE05DA2CC7C465DA8231DFA4 /* Pods-Dotabase.debug.xcconfig */;
			buildSettings = {
				ASSETCATALOG_COMPILER_APPICON_NAME = AppIcon;
				ASSETCATALOG_COMPILER_GLOBAL_ACCENT_COLOR_NAME = AccentColor;
				CODE_SIGN_STYLE = Automatic;
				DEVELOPMENT_TEAM = 2TPZT4GD64;
				INFOPLIST_FILE = Dotabase/Info.plist;
				LD_RUNPATH_SEARCH_PATHS = (
					"$(inherited)",
					"@executable_path/Frameworks",
				);
				PRODUCT_BUNDLE_IDENTIFIER = com.Dotabase;
				PRODUCT_NAME = "$(TARGET_NAME)";
				SWIFT_VERSION = 5.0;
				TARGETED_DEVICE_FAMILY = "1,2";
			};
			name = Debug;
		};
		0FDF34C3265D0A5B00FA6271 /* Release */ = {
			isa = XCBuildConfiguration;
			baseConfigurationReference = FE75C48A0ACCAEB85053EEEA /* Pods-Dotabase.release.xcconfig */;
			buildSettings = {
				ASSETCATALOG_COMPILER_APPICON_NAME = AppIcon;
				ASSETCATALOG_COMPILER_GLOBAL_ACCENT_COLOR_NAME = AccentColor;
				CODE_SIGN_STYLE = Automatic;
				DEVELOPMENT_TEAM = 2TPZT4GD64;
				INFOPLIST_FILE = Dotabase/Info.plist;
				LD_RUNPATH_SEARCH_PATHS = (
					"$(inherited)",
					"@executable_path/Frameworks",
				);
				PRODUCT_BUNDLE_IDENTIFIER = com.Dotabase;
				PRODUCT_NAME = "$(TARGET_NAME)";
				SWIFT_VERSION = 5.0;
				TARGETED_DEVICE_FAMILY = "1,2";
			};
			name = Release;
		};
/* End XCBuildConfiguration section */

/* Begin XCConfigurationList section */
		0FDF34A8265D0A5900FA6271 /* Build configuration list for PBXProject "Dotabase" */ = {
			isa = XCConfigurationList;
			buildConfigurations = (
				0FDF34BF265D0A5B00FA6271 /* Debug */,
				0FDF34C0265D0A5B00FA6271 /* Release */,
			);
			defaultConfigurationIsVisible = 0;
			defaultConfigurationName = Release;
		};
		0FDF34C1265D0A5B00FA6271 /* Build configuration list for PBXNativeTarget "Dotabase" */ = {
			isa = XCConfigurationList;
			buildConfigurations = (
				0FDF34C2265D0A5B00FA6271 /* Debug */,
				0FDF34C3265D0A5B00FA6271 /* Release */,
			);
			defaultConfigurationIsVisible = 0;
			defaultConfigurationName = Release;
		};
/* End XCConfigurationList section */
	};
	rootObject = 0FDF34A5265D0A5900FA6271 /* Project object */;
}
